
Microsoft Visual Studio Solution File, Format Version 12.00
# Visual Studio Version 16
VisualStudioVersion = 16.0.31129.286
MinimumVisualStudioVersion = 10.0.40219.1
Project("{FAE04EC0-301F-11D3-BF4B-00C04F79EFBC}") = "Forth_Homework", "Forth_Homework.csproj", "{D6BA1580-DBC9-4C99-BD8F-17B380B27DD6}"
EndProject
Global
	GlobalSection(SolutionConfigurationPlatforms) = preSolution
		Debug|Any CPU = Debug|Any CPU
		Release|Any CPU = Release|Any CPU
	EndGlobalSection
	GlobalSection(ProjectConfigurationPlatforms) = postSolution
		{D6BA1580-DBC9-4C99-BD8F-17B380B27DD6}.Debug|Any CPU.ActiveCfg = Debug|Any CPU
		{D6BA1580-DBC9-4C99-BD8F-17B380B27DD6}.Debug|Any CPU.Build.0 = Debug|Any CPU
		{D6BA1580-DBC9-4C99-BD8F-17B380B27DD6}.Release|Any CPU.ActiveCfg = Release|Any CPU
		{D6BA1580-DBC9-4C99-BD8F-17B380B27DD6}.Release|Any CPU.Build.0 = Release|Any CPU
	EndGlobalSection
	GlobalSection(SolutionProperties) = preSolution
		HideSolutionNode = FALSE
	EndGlobalSection
	GlobalSection(ExtensibilityGlobals) = postSolution
		SolutionGuid = {2A53A01E-730F-469B-862B-2336ACA4B7F2}
	EndGlobalSection
EndGlobal
